
Microsoft Visual Studio Solution File, Format Version 12.00
# Visual Studio Version 16
VisualStudioVersion = 16.0.29911.84
MinimumVisualStudioVersion = 10.0.40219.1
Project("{FAE04EC0-301F-11D3-BF4B-00C04F79EFBC}") = "AppWPF", "Ex2\AppWPF.csproj", "{93FCB5B9-47D4-447A-9BE3-3161113BCC63}"
EndProject
Project("{FAE04EC0-301F-11D3-BF4B-00C04F79EFBC}") = "ClassLibrary", "ClassLibrary\ClassLibrary.csproj", "{C36EE387-DA7E-4FB9-B86D-E357DA578BDE}"
EndProject
Global
	GlobalSection(SolutionConfigurationPlatforms) = preSolution
		Debug|Any CPU = Debug|Any CPU
		Release|Any CPU = Release|Any CPU
	EndGlobalSection
	GlobalSection(ProjectConfigurationPlatforms) = postSolution
		{93FCB5B9-47D4-447A-9BE3-3161113BCC63}.Debug|Any CPU.ActiveCfg = Debug|Any CPU
		{93FCB5B9-47D4-447A-9BE3-3161113BCC63}.Debug|Any CPU.Build.0 = Debug|Any CPU
		{93FCB5B9-47D4-447A-9BE3-3161113BCC63}.Release|Any CPU.ActiveCfg = Release|Any CPU
		{93FCB5B9-47D4-447A-9BE3-3161113BCC63}.Release|Any CPU.Build.0 = Release|Any CPU
		{C36EE387-DA7E-4FB9-B86D-E357DA578BDE}.Debug|Any CPU.ActiveCfg = Debug|Any CPU
		{C36EE387-DA7E-4FB9-B86D-E357DA578BDE}.Debug|Any CPU.Build.0 = Debug|Any CPU
		{C36EE387-DA7E-4FB9-B86D-E357DA578BDE}.Release|Any CPU.ActiveCfg = Release|Any CPU
		{C36EE387-DA7E-4FB9-B86D-E357DA578BDE}.Release|Any CPU.Build.0 = Release|Any CPU
	EndGlobalSection
	GlobalSection(SolutionProperties) = preSolution
		HideSolutionNode = FALSE
	EndGlobalSection
	GlobalSection(ExtensibilityGlobals) = postSolution
		SolutionGuid = {0FDAECEA-A470-42CC-8E8B-F44721F28AA0}
	EndGlobalSection
EndGlobal
